
Microsoft Visual Studio Solution File, Format Version 12.00
# Visual Studio Version 17
VisualStudioVersion = 17.2.32616.157
MinimumVisualStudioVersion = 10.0.40219.1
Project("{FAE04EC0-301F-11D3-BF4B-00C04F79EFBC}") = "generate-json-model-from-sql-server", "generate-json-model-from-sql-server.csproj", "{CAA9135B-2D66-4F07-9AD0-F0CF7F947E54}"
EndProject
Global
	GlobalSection(SolutionConfigurationPlatforms) = preSolution
		Debug|Any CPU = Debug|Any CPU
		Release|Any CPU = Release|Any CPU
	EndGlobalSection
	GlobalSection(ProjectConfigurationPlatforms) = postSolution
		{CAA9135B-2D66-4F07-9AD0-F0CF7F947E54}.Debug|Any CPU.ActiveCfg = Debug|Any CPU
		{CAA9135B-2D66-4F07-9AD0-F0CF7F947E54}.Debug|Any CPU.Build.0 = Debug|Any CPU
		{CAA9135B-2D66-4F07-9AD0-F0CF7F947E54}.Release|Any CPU.ActiveCfg = Release|Any CPU
		{CAA9135B-2D66-4F07-9AD0-F0CF7F947E54}.Release|Any CPU.Build.0 = Release|Any CPU
	EndGlobalSection
	GlobalSection(SolutionProperties) = preSolution
		HideSolutionNode = FALSE
	EndGlobalSection
	GlobalSection(ExtensibilityGlobals) = postSolution
		SolutionGuid = {2837B6CE-0C8B-4D78-AB3A-9CB6F0C56534}
	EndGlobalSection
EndGlobal
